{
  "version": 4,
  "terraform_version": "1.4.5",
  "serial": 20,
  "lineage": "8611a7e2-bb04-d386-d23d-85a69f2f6845",
  "outputs": {
    "jenkins_ip": {
      "value": "157.245.210.215",
      "type": "string"
    }
  },
  "resources": [
    {
      "mode": "data",
      "type": "digitalocean_ssh_key",
      "name": "ssh_key",
      "provider": "provider[\"registry.terraform.io/digitalocean/digitalocean\"]",
      "instances": [
        {
          "schema_version": 0,
          "attributes": {
            "fingerprint": "86:f7:b4:f8:61:58:5d:be:1a:23:36:4a:da:cc:3f:41",
            "id": 38024969,
            "name": "jornadaDevops",
            "public_key": "ssh-rsa "
          },
          "sensitive_attributes": []
        }
      ]
    },
    {
      "mode": "managed",
      "type": "digitalocean_droplet",
      "name": "jenkins",
      "provider": "provider[\"registry.terraform.io/digitalocean/digitalocean\"]",
      "instances": [
        {
          "schema_version": 1,
          "attributes": {
            "backups": false,
            "created_at": "2023-04-13T04:15:24Z",
            "disk": 60,
            "droplet_agent": null,
            "graceful_shutdown": false,
            "id": "350444565",
            "image": "ubuntu-22-04-x64",
            "ipv4_address": "157.245.210.215",
            "ipv4_address_private": "10.108.0.2",
            "ipv6": false,
            "ipv6_address": "",
            "locked": false,
            "memory": 2048,
            "monitoring": false,
            "name": "jenkins-vm",
            "price_hourly": 0.02679,
            "price_monthly": 18,
            "private_networking": true,
            "region": "nyc3",
            "resize_disk": true,
            "size": "s-2vcpu-2gb",
            "ssh_keys": [
              "38024969"
            ],
            "status": "active",
            "tags": [],
            "timeouts": null,
            "urn": "do:droplet:350444565",
            "user_data": null,
            "vcpus": 2,
            "volume_ids": [],
            "vpc_uuid": "16408f76-8460-4bfe-98e7-ad121bd9b739"
          },
          "sensitive_attributes": [],
          "private": "eyJlMmJmYjczMC1lY2c2lvbiI6IjEifQ==",
          "dependencies": [
            "data.digitalocean_ssh_key.ssh_key"
          ]
        }
      ]
    },
    {
      "mode": "managed",
      "type": "digitalocean_kubernetes_cluster",
      "name": "k8s",
      "provider": "provider[\"registry.terraform.io/digitalocean/digitalocean\"]",
      "instances": [
        {
          "schema_version": 3,
          "attributes": {
            "auto_upgrade": false,
            "cluster_subnet": "10.244.0.0/16",
            "created_at": "2023-04-13 04:15:04 +0000 UTC",
            "endpoint": "https://8f7c97a4-d3c4-4483-b569-e93d7c2f57ea.k8s.ondigitalocean.com",
            "ha": false,
            "id": "8f7c97a4-d3c4-4483-b569-e93d7c2f57ea",
            "ipv4_address": "",
            "kube_config": [
              {
                "client_certificate": "",
                "client_key": "",
                "cluster_ca_certificate": "kkk",
                "expires_at": "2023-04-20T04:19:55Z",
                "host": "https://8f7c97a4-d3c4-4483-b569-e93d7c2f57ea.k8s.ondigitalocean.com",
                "raw_config": "apiVersion: v1\nkind: Config\nclusters:\n- cluster:\n    certificate-authority-data: LS0tL0eTJvM1lRU5EIENFUlRJRklDQVRFLS0tLS0K\n    server: https://8f7c97a4-d3c4-4483-b569-e93d7c2f57ea.k8s.ondigitalocean.com\n  name: do-nyc3-k8s\ncontexts:\n- context:\n    cluster: do-nyc3-k8s\n    user: do-nyc3-k8s-admin\n  name: do-nyc3-k8s\ncurrent-context: do-nyc3-k8s\nusers:\n- name: do-nyc3-k8s-admin\n  user:\n    token: d",
                "token": "d"
              }
            ],
            "maintenance_policy": [
              {
                "day": "any",
                "duration": "4h0m0s",
                "start_time": "11:00"
              }
            ],
            "name": "k8s",
            "node_pool": [
              {
                "actual_node_count": 3,
                "auto_scale": false,
                "id": "2ba95718-da1d-4824-8c10-3f8adf018f66",
                "labels": {},
                "max_nodes": 0,
                "min_nodes": 0,
                "name": "default",
                "node_count": 3,
                "nodes": [
                  {
                    "created_at": "2023-04-13 04:15:04 +0000 UTC",
                    "droplet_id": "350444698",
                    "id": "843e18f2-9cdf-47b1-9d0b-88a741d19dd0",
                    "name": "default-qzvmw",
                    "status": "running",
                    "updated_at": "2023-04-13 04:16:32 +0000 UTC"
                  },
                  {
                    "created_at": "2023-04-13 04:15:04 +0000 UTC",
                    "droplet_id": "350444697",
                    "id": "1611be45-41a0-4190-99f1-9bd7804937ae",
                    "name": "default-qzvmg",
                    "status": "running",
                    "updated_at": "2023-04-13 04:16:32 +0000 UTC"
                  },
                  {
                    "created_at": "2023-04-13 04:15:04 +0000 UTC",
                    "droplet_id": "350444696",
                    "id": "d6b60f3e-cfb6-4955-80fe-ca5410732778",
                    "name": "default-qzvme",
                    "status": "running",
                    "updated_at": "2023-04-13 04:16:32 +0000 UTC"
                  }
                ],
                "size": "s-2vcpu-2gb",
                "tags": [],
                "taint": []
              }
            ],
            "region": "nyc3",
            "service_subnet": "10.245.0.0/16",
            "status": "running",
            "surge_upgrade": true,
            "tags": [],
            "timeouts": null,
            "updated_at": "2023-04-13 04:19:52 +0000 UTC",
            "urn": "do:kubernetes:8f7c97a4-d3c4-4483-b569-e93d7c2f57ea",
            "version": "1.26.3-do.0",
            "vpc_uuid": "16408f76-8460-4bfe-98e7-ad121bd9b739"
          },
          "sensitive_attributes": [],
          "private": "eyJlMmJmYjczMC1lY2FhLTExZIn0="
        }
      ]
    },
    {
      "mode": "managed",
      "type": "local_file",
      "name": "foo",
      "provider": "provider[\"registry.terraform.io/hashicorp/local\"]",
      "instances": [
        {
          "schema_version": 0,
          "attributes": {
            "content": "apiVersion: v1\nkind: Config\nclusters:\n- cluster:\n    certificate-authority-data: LS0tLS1CdZYmFPWG44cCtXU0hMdlRJRklDQVRFLS0tLS0K\n    server: https://8f7c97a4-d3c4-4483-b569-e93d7c2f57ea.k8s.ondigitalocean.com\n  name: do-nyc3-k8s\ncontexts:\n- context:\n    cluster: do-nyc3-k8s\n    user: do-nyc3-k8s-admin\n  name: do-nyc3-k8s\ncurrent-context: do-nyc3-k8s\nusers:\n- name: do-nyc3-k8s-admin\n  user:\n    token: d",
            "content_base64": null,
            "content_base64sha256": "M8I=",
            "content_base64sha512": "hcgih0FAQkIg==",
            "content_md5": "607982",
            "content_sha1": "f5a7",
            "content_sha256": "33b13c2",
            "content_sha512": "85c8422",
            "directory_permission": "0777",
            "file_permission": "0777",
            "filename": "kube_config.yaml",
            "id": "f526a7",
            "sensitive_content": null,
            "source": null
          },
          "sensitive_attributes": [
            [
              {
                "type": "get_attr",
                "value": "content"
              }
            ]
          ],
          "dependencies": [
            "digitalocean_kubernetes_cluster.k8s"
          ]
        }
      ]
    }
  ],
  "check_results": null
}
